
Microsoft Visual Studio Solution File, Format Version 12.00
# Visual Studio Version 16
VisualStudioVersion = 16.0.30517.126
MinimumVisualStudioVersion = 10.0.40219.1
Project("{9A19103F-16F7-4668-BE54-9A1E7A4F7556}") = "OPChallenges", "OPChallenges\OPChallenges.csproj", "{17395E60-52EC-4D5C-8582-7BCCA7EC3560}"
EndProject
Project("{9A19103F-16F7-4668-BE54-9A1E7A4F7556}") = "Carchang", "Carchang\Carchang.csproj", "{7FB2770D-7375-4F52-A6E0-027F21CD4701}"
EndProject
Project("{FAE04EC0-301F-11D3-BF4B-00C04F79EFBC}") = "Catchal", "Catchal\Catchal.csproj", "{D3119BA3-82F4-441A-9998-E87CCC045C1D}"
EndProject
Project("{FAE04EC0-301F-11D3-BF4B-00C04F79EFBC}") = "Hamster12", "Hamster12\Hamster12.csproj", "{2F02D2D7-B05E-48AB-BDE2-D69FC6E25B4C}"
EndProject
Global
	GlobalSection(SolutionConfigurationPlatforms) = preSolution
		Debug|Any CPU = Debug|Any CPU
		Release|Any CPU = Release|Any CPU
	EndGlobalSection
	GlobalSection(ProjectConfigurationPlatforms) = postSolution
		{17395E60-52EC-4D5C-8582-7BCCA7EC3560}.Debug|Any CPU.ActiveCfg = Debug|Any CPU
		{17395E60-52EC-4D5C-8582-7BCCA7EC3560}.Debug|Any CPU.Build.0 = Debug|Any CPU
		{17395E60-52EC-4D5C-8582-7BCCA7EC3560}.Release|Any CPU.ActiveCfg = Release|Any CPU
		{17395E60-52EC-4D5C-8582-7BCCA7EC3560}.Release|Any CPU.Build.0 = Release|Any CPU
		{7FB2770D-7375-4F52-A6E0-027F21CD4701}.Debug|Any CPU.ActiveCfg = Debug|Any CPU
		{7FB2770D-7375-4F52-A6E0-027F21CD4701}.Debug|Any CPU.Build.0 = Debug|Any CPU
		{7FB2770D-7375-4F52-A6E0-027F21CD4701}.Release|Any CPU.ActiveCfg = Release|Any CPU
		{7FB2770D-7375-4F52-A6E0-027F21CD4701}.Release|Any CPU.Build.0 = Release|Any CPU
		{D3119BA3-82F4-441A-9998-E87CCC045C1D}.Debug|Any CPU.ActiveCfg = Debug|Any CPU
		{D3119BA3-82F4-441A-9998-E87CCC045C1D}.Debug|Any CPU.Build.0 = Debug|Any CPU
		{D3119BA3-82F4-441A-9998-E87CCC045C1D}.Release|Any CPU.ActiveCfg = Release|Any CPU
		{D3119BA3-82F4-441A-9998-E87CCC045C1D}.Release|Any CPU.Build.0 = Release|Any CPU
		{2F02D2D7-B05E-48AB-BDE2-D69FC6E25B4C}.Debug|Any CPU.ActiveCfg = Debug|Any CPU
		{2F02D2D7-B05E-48AB-BDE2-D69FC6E25B4C}.Debug|Any CPU.Build.0 = Debug|Any CPU
		{2F02D2D7-B05E-48AB-BDE2-D69FC6E25B4C}.Release|Any CPU.ActiveCfg = Release|Any CPU
		{2F02D2D7-B05E-48AB-BDE2-D69FC6E25B4C}.Release|Any CPU.Build.0 = Release|Any CPU
	EndGlobalSection
	GlobalSection(SolutionProperties) = preSolution
		HideSolutionNode = FALSE
	EndGlobalSection
	GlobalSection(ExtensibilityGlobals) = postSolution
		SolutionGuid = {CF32109C-CECD-4718-8FE5-2BECC93EC805}
	EndGlobalSection
EndGlobal
